
Microsoft Visual Studio Solution File, Format Version 12.00
# Visual Studio 15
VisualStudioVersion = 15.0.27428.2043
MinimumVisualStudioVersion = 10.0.40219.1
Project("{FAE04EC0-301F-11D3-BF4B-00C04F79EFBC}") = "Data", "Data\Data.csproj", "{AC076C76-5AB1-4E91-9D7B-4BA56385233E}"
EndProject
Project("{FAE04EC0-301F-11D3-BF4B-00C04F79EFBC}") = "Domain", "Domain\Domain.csproj", "{AA357943-7274-4E72-B567-0E360A103EA2}"
EndProject
Project("{FAE04EC0-301F-11D3-BF4B-00C04F79EFBC}") = "WEB", "WEB\WEB.csproj", "{E4A46783-4202-4F7D-8ECD-4D7B5CBD76CB}"
EndProject
Global
	GlobalSection(SolutionConfigurationPlatforms) = preSolution
		Debug|Any CPU = Debug|Any CPU
		Release|Any CPU = Release|Any CPU
	EndGlobalSection
	GlobalSection(ProjectConfigurationPlatforms) = postSolution
		{AC076C76-5AB1-4E91-9D7B-4BA56385233E}.Debug|Any CPU.ActiveCfg = Debug|Any CPU
		{AC076C76-5AB1-4E91-9D7B-4BA56385233E}.Debug|Any CPU.Build.0 = Debug|Any CPU
		{AC076C76-5AB1-4E91-9D7B-4BA56385233E}.Release|Any CPU.ActiveCfg = Release|Any CPU
		{AC076C76-5AB1-4E91-9D7B-4BA56385233E}.Release|Any CPU.Build.0 = Release|Any CPU
		{AA357943-7274-4E72-B567-0E360A103EA2}.Debug|Any CPU.ActiveCfg = Debug|Any CPU
		{AA357943-7274-4E72-B567-0E360A103EA2}.Debug|Any CPU.Build.0 = Debug|Any CPU
		{AA357943-7274-4E72-B567-0E360A103EA2}.Release|Any CPU.ActiveCfg = Release|Any CPU
		{AA357943-7274-4E72-B567-0E360A103EA2}.Release|Any CPU.Build.0 = Release|Any CPU
		{E4A46783-4202-4F7D-8ECD-4D7B5CBD76CB}.Debug|Any CPU.ActiveCfg = Debug|Any CPU
		{E4A46783-4202-4F7D-8ECD-4D7B5CBD76CB}.Debug|Any CPU.Build.0 = Debug|Any CPU
		{E4A46783-4202-4F7D-8ECD-4D7B5CBD76CB}.Release|Any CPU.ActiveCfg = Release|Any CPU
		{E4A46783-4202-4F7D-8ECD-4D7B5CBD76CB}.Release|Any CPU.Build.0 = Release|Any CPU
	EndGlobalSection
	GlobalSection(SolutionProperties) = preSolution
		HideSolutionNode = FALSE
	EndGlobalSection
	GlobalSection(ExtensibilityGlobals) = postSolution
		SolutionGuid = {62E5E4F9-4AC4-46D4-A93D-267945A85120}
	EndGlobalSection
EndGlobal
